// !$*UTF8*$!
{
	archiveVersion = 1;
	classes = {
	};
	objectVersion = 48;
	objects = {

/* Begin PBXBuildFile section */
		4864257BEDEEDA9F8349B9ED /* Pods_CCExcelView.framework in Frameworks */ = {isa = PBXBuildFile; fileRef = 5969E70C70AE36A0D54EF648 /* Pods_CCExcelView.framework */; };
		B114A85B1F9459F9000B5BDC /* AppDelegate.m in Sources */ = {isa = PBXBuildFile; fileRef = B114A85A1F9459F9000B5BDC /* AppDelegate.m */; };
		B114A85E1F9459F9000B5BDC /* ViewController.m in Sources */ = {isa = PBXBuildFile; fileRef = B114A85D1F9459F9000B5BDC /* ViewController.m */; };
		B114A8611F9459F9000B5BDC /* Main.storyboard in Resources */ = {isa = PBXBuildFile; fileRef = B114A85F1F9459F9000B5BDC /* Main.storyboard */; };
		B114A8631F9459F9000B5BDC /* Assets.xcassets in Resources */ = {isa = PBXBuildFile; fileRef = B114A8621F9459F9000B5BDC /* Assets.xcassets */; };
		B114A8661F9459F9000B5BDC /* LaunchScreen.storyboard in Resources */ = {isa = PBXBuildFile; fileRef = B114A8641F9459F9000B5BDC /* LaunchScreen.storyboard */; };
		B114A8691F9459F9000B5BDC /* main.m in Sources */ = {isa = PBXBuildFile; fileRef = B114A8681F9459F9000B5BDC /* main.m */; };
		B114A8731F9459F9000B5BDC /* CCExcelViewTests.m in Sources */ = {isa = PBXBuildFile; fileRef = B114A8721F9459F9000B5BDC /* CCExcelViewTests.m */; };
		B114A87E1F9459F9000B5BDC /* CCExcelViewUITests.m in Sources */ = {isa = PBXBuildFile; fileRef = B114A87D1F9459F9000B5BDC /* CCExcelViewUITests.m */; };
		B18271A71F9898B700EB4417 /* ExcelModel.m in Sources */ = {isa = PBXBuildFile; fileRef = B18271A61F9898B700EB4417 /* ExcelModel.m */; };
		B18271B41F98B11300EB4417 /* 1.png in Resources */ = {isa = PBXBuildFile; fileRef = B18271B31F98B10A00EB4417 /* 1.png */; };
		B18271B51F98B11300EB4417 /* 2.png in Resources */ = {isa = PBXBuildFile; fileRef = B18271B01F98B10900EB4417 /* 2.png */; };
		B18271B61F98B11300EB4417 /* 3.png in Resources */ = {isa = PBXBuildFile; fileRef = B18271B11F98B10A00EB4417 /* 3.png */; };
		B18271B71F98B11300EB4417 /* 4.png in Resources */ = {isa = PBXBuildFile; fileRef = B18271B21F98B10A00EB4417 /* 4.png */; };
/* End PBXBuildFile section */

/* Begin PBXContainerItemProxy section */
		B114A86F1F9459F9000B5BDC /* PBXContainerItemProxy */ = {
			isa = PBXContainerItemProxy;
			containerPortal = B114A84E1F9459F9000B5BDC /* Project object */;
			proxyType = 1;
			remoteGlobalIDString = B114A8551F9459F9000B5BDC;
			remoteInfo = CCExcelView;
		};
		B114A87A1F9459F9000B5BDC /* PBXContainerItemProxy */ = {
			isa = PBXContainerItemProxy;
			containerPortal = B114A84E1F9459F9000B5BDC /* Project object */;
			proxyType = 1;
			remoteGlobalIDString = B114A8551F9459F9000B5BDC;
			remoteInfo = CCExcelView;
		};
/* End PBXContainerItemProxy section */

/* Begin PBXFileReference section */
		41C6AFC3FC8589D98DE737A8 /* Pods-CCExcelView.debug.xcconfig */ = {isa = PBXFileReference; includeInIndex = 1; lastKnownFileType = text.xcconfig; name = "Pods-CCExcelView.debug.xcconfig"; path = "Pods/Target Support Files/Pods-CCExcelView/Pods-CCExcelView.debug.xcconfig"; sourceTree = "<group>"; };
		5969E70C70AE36A0D54EF648 /* Pods_CCExcelView.framework */ = {isa = PBXFileReference; explicitFileType = wrapper.framework; includeInIndex = 0; path = Pods_CCExcelView.framework; sourceTree = BUILT_PRODUCTS_DIR; };
		B114A8561F9459F9000B5BDC /* CCExcelView.app */ = {isa = PBXFileReference; explicitFileType = wrapper.application; includeInIndex = 0; path = CCExcelView.app; sourceTree = BUILT_PRODUCTS_DIR; };
		B114A8591F9459F9000B5BDC /* AppDelegate.h */ = {isa = PBXFileReference; lastKnownFileType = sourcecode.c.h; path = AppDelegate.h; sourceTree = "<group>"; };
		B114A85A1F9459F9000B5BDC /* AppDelegate.m */ = {isa = PBXFileReference; lastKnownFileType = sourcecode.c.objc; path = AppDelegate.m; sourceTree = "<group>"; };
		B114A85C1F9459F9000B5BDC /* ViewController.h */ = {isa = PBXFileReference; lastKnownFileType = sourcecode.c.h; path = ViewController.h; sourceTree = "<group>"; };
		B114A85D1F9459F9000B5BDC /* ViewController.m */ = {isa = PBXFileReference; lastKnownFileType = sourcecode.c.objc; path = ViewController.m; sourceTree = "<group>"; };
		B114A8601F9459F9000B5BDC /* Base */ = {isa = PBXFileReference; lastKnownFileType = file.storyboard; name = Base; path = Base.lproj/Main.storyboard; sourceTree = "<group>"; };
		B114A8621F9459F9000B5BDC /* Assets.xcassets */ = {isa = PBXFileReference; lastKnownFileType = folder.assetcatalog; path = Assets.xcassets; sourceTree = "<group>"; };
		B114A8651F9459F9000B5BDC /* Base */ = {isa = PBXFileReference; lastKnownFileType = file.storyboard; name = Base; path = Base.lproj/LaunchScreen.storyboard; sourceTree = "<group>"; };
		B114A8671F9459F9000B5BDC /* Info.plist */ = {isa = PBXFileReference; lastKnownFileType = text.plist.xml; path = Info.plist; sourceTree = "<group>"; };
		B114A8681F9459F9000B5BDC /* main.m */ = {isa = PBXFileReference; lastKnownFileType = sourcecode.c.objc; path = main.m; sourceTree = "<group>"; };
		B114A86E1F9459F9000B5BDC /* CCExcelViewTests.xctest */ = {isa = PBXFileReference; explicitFileType = wrapper.cfbundle; includeInIndex = 0; path = CCExcelViewTests.xctest; sourceTree = BUILT_PRODUCTS_DIR; };
		B114A8721F9459F9000B5BDC /* CCExcelViewTests.m */ = {isa = PBXFileReference; lastKnownFileType = sourcecode.c.objc; path = CCExcelViewTests.m; sourceTree = "<group>"; };
		B114A8741F9459F9000B5BDC /* Info.plist */ = {isa = PBXFileReference; lastKnownFileType = text.plist.xml; path = Info.plist; sourceTree = "<group>"; };
		B114A8791F9459F9000B5BDC /* CCExcelViewUITests.xctest */ = {isa = PBXFileReference; explicitFileType = wrapper.cfbundle; includeInIndex = 0; path = CCExcelViewUITests.xctest; sourceTree = BUILT_PRODUCTS_DIR; };
		B114A87D1F9459F9000B5BDC /* CCExcelViewUITests.m */ = {isa = PBXFileReference; lastKnownFileType = sourcecode.c.objc; path = CCExcelViewUITests.m; sourceTree = "<group>"; };
		B114A87F1F9459F9000B5BDC /* Info.plist */ = {isa = PBXFileReference; lastKnownFileType = text.plist.xml; path = Info.plist; sourceTree = "<group>"; };
		B18271A51F9898B700EB4417 /* ExcelModel.h */ = {isa = PBXFileReference; lastKnownFileType = sourcecode.c.h; path = ExcelModel.h; sourceTree = "<group>"; };
		B18271A61F9898B700EB4417 /* ExcelModel.m */ = {isa = PBXFileReference; lastKnownFileType = sourcecode.c.objc; path = ExcelModel.m; sourceTree = "<group>"; };
		B18271B01F98B10900EB4417 /* 2.png */ = {isa = PBXFileReference; lastKnownFileType = image.png; path = 2.png; sourceTree = "<group>"; };
		B18271B11F98B10A00EB4417 /* 3.png */ = {isa = PBXFileReference; lastKnownFileType = image.png; path = 3.png; sourceTree = "<group>"; };
		B18271B21F98B10A00EB4417 /* 4.png */ = {isa = PBXFileReference; lastKnownFileType = image.png; path = 4.png; sourceTree = "<group>"; };
		B18271B31F98B10A00EB4417 /* 1.png */ = {isa = PBXFileReference; lastKnownFileType = image.png; path = 1.png; sourceTree = "<group>"; };
		BA8CDC282D18B5436DFEB403 /* Pods-CCExcelView.release.xcconfig */ = {isa = PBXFileReference; includeInIndex = 1; lastKnownFileType = text.xcconfig; name = "Pods-CCExcelView.release.xcconfig"; path = "Pods/Target Support Files/Pods-CCExcelView/Pods-CCExcelView.release.xcconfig"; sourceTree = "<group>"; };
/* End PBXFileReference section */

/* Begin PBXFrameworksBuildPhase section */
		B114A8531F9459F9000B5BDC /* Frameworks */ = {
			isa = PBXFrameworksBuildPhase;
			buildActionMask = 2147483647;
			files = (
				4864257BEDEEDA9F8349B9ED /* Pods_CCExcelView.framework in Frameworks */,
			);
			runOnlyForDeploymentPostprocessing = 0;
		};
		B114A86B1F9459F9000B5BDC /* Frameworks */ = {
			isa = PBXFrameworksBuildPhase;
			buildActionMask = 2147483647;
			files = (
			);
			runOnlyForDeploymentPostprocessing = 0;
		};
		B114A8761F9459F9000B5BDC /* Frameworks */ = {
			isa = PBXFrameworksBuildPhase;
			buildActionMask = 2147483647;
			files = (
			);
			runOnlyForDeploymentPostprocessing = 0;
		};
/* End PBXFrameworksBuildPhase section */

/* Begin PBXGroup section */
		ACB6DF215166D61B633C843C /* Frameworks */ = {
			isa = PBXGroup;
			children = (
				5969E70C70AE36A0D54EF648 /* Pods_CCExcelView.framework */,
			);
			name = Frameworks;
			sourceTree = "<group>";
		};
		B114A84D1F9459F9000B5BDC = {
			isa = PBXGroup;
			children = (
				B114A8581F9459F9000B5BDC /* CCExcelView */,
				B114A8711F9459F9000B5BDC /* CCExcelViewTests */,
				B114A87C1F9459F9000B5BDC /* CCExcelViewUITests */,
				B114A8571F9459F9000B5BDC /* Products */,
				E1D9FCBD6D7994AB8A11260F /* Pods */,
				ACB6DF215166D61B633C843C /* Frameworks */,
			);
			sourceTree = "<group>";
		};
		B114A8571F9459F9000B5BDC /* Products */ = {
			isa = PBXGroup;
			children = (
				B114A8561F9459F9000B5BDC /* CCExcelView.app */,
				B114A86E1F9459F9000B5BDC /* CCExcelViewTests.xctest */,
				B114A8791F9459F9000B5BDC /* CCExcelViewUITests.xctest */,
			);
			name = Products;
			sourceTree = "<group>";
		};
		B114A8581F9459F9000B5BDC /* CCExcelView */ = {
			isa = PBXGroup;
			children = (
				B18271B31F98B10A00EB4417 /* 1.png */,
				B18271B01F98B10900EB4417 /* 2.png */,
				B18271B11F98B10A00EB4417 /* 3.png */,
				B18271B21F98B10A00EB4417 /* 4.png */,
				B18271A51F9898B700EB4417 /* ExcelModel.h */,
				B18271A61F9898B700EB4417 /* ExcelModel.m */,
				B114A8591F9459F9000B5BDC /* AppDelegate.h */,
				B114A85A1F9459F9000B5BDC /* AppDelegate.m */,
				B114A85C1F9459F9000B5BDC /* ViewController.h */,
				B114A85D1F9459F9000B5BDC /* ViewController.m */,
				B114A85F1F9459F9000B5BDC /* Main.storyboard */,
				B114A8621F9459F9000B5BDC /* Assets.xcassets */,
				B114A8641F9459F9000B5BDC /* LaunchScreen.storyboard */,
				B114A8671F9459F9000B5BDC /* Info.plist */,
				B114A8681F9459F9000B5BDC /* main.m */,
			);
			path = CCExcelView;
			sourceTree = "<group>";
		};
		B114A8711F9459F9000B5BDC /* CCExcelViewTests */ = {
			isa = PBXGroup;
			children = (
				B114A8721F9459F9000B5BDC /* CCExcelViewTests.m */,
				B114A8741F9459F9000B5BDC /* Info.plist */,
			);
			path = CCExcelViewTests;
			sourceTree = "<group>";
		};
		B114A87C1F9459F9000B5BDC /* CCExcelViewUITests */ = {
			isa = PBXGroup;
			children = (
				B114A87D1F9459F9000B5BDC /* CCExcelViewUITests.m */,
				B114A87F1F9459F9000B5BDC /* Info.plist */,
			);
			path = CCExcelViewUITests;
			sourceTree = "<group>";
		};
		E1D9FCBD6D7994AB8A11260F /* Pods */ = {
			isa = PBXGroup;
			children = (
				41C6AFC3FC8589D98DE737A8 /* Pods-CCExcelView.debug.xcconfig */,
				BA8CDC282D18B5436DFEB403 /* Pods-CCExcelView.release.xcconfig */,
			);
			name = Pods;
			sourceTree = "<group>";
		};
/* End PBXGroup section */

/* Begin PBXNativeTarget section */
		B114A8551F9459F9000B5BDC /* CCExcelView */ = {
			isa = PBXNativeTarget;
			buildConfigurationList = B114A8821F9459F9000B5BDC /* Build configuration list for PBXNativeTarget "CCExcelView" */;
			buildPhases = (
				F1C68482C2352A06F7F6FB0A /* [CP] Check Pods Manifest.lock */,
				B114A8521F9459F9000B5BDC /* Sources */,
				B114A8531F9459F9000B5BDC /* Frameworks */,
				B114A8541F9459F9000B5BDC /* Resources */,
				7536364E3EF67638987ADC6E /* [CP] Embed Pods Frameworks */,
				2B901B2A13285ADDFE598AAC /* [CP] Copy Pods Resources */,
			);
			buildRules = (
			);
			dependencies = (
			);
			name = CCExcelView;
			productName = CCExcelView;
			productReference = B114A8561F9459F9000B5BDC /* CCExcelView.app */;
			productType = "com.apple.product-type.application";
		};
		B114A86D1F9459F9000B5BDC /* CCExcelViewTests */ = {
			isa = PBXNativeTarget;
			buildConfigurationList = B114A8851F9459F9000B5BDC /* Build configuration list for PBXNativeTarget "CCExcelViewTests" */;
			buildPhases = (
				B114A86A1F9459F9000B5BDC /* Sources */,
				B114A86B1F9459F9000B5BDC /* Frameworks */,
				B114A86C1F9459F9000B5BDC /* Resources */,
			);
			buildRules = (
			);
			dependencies = (
				B114A8701F9459F9000B5BDC /* PBXTargetDependency */,
			);
			name = CCExcelViewTests;
			productName = CCExcelViewTests;
			productReference = B114A86E1F9459F9000B5BDC /* CCExcelViewTests.xctest */;
			productType = "com.apple.product-type.bundle.unit-test";
		};
		B114A8781F9459F9000B5BDC /* CCExcelViewUITests */ = {
			isa = PBXNativeTarget;
			buildConfigurationList = B114A8881F9459F9000B5BDC /* Build configuration list for PBXNativeTarget "CCExcelViewUITests" */;
			buildPhases = (
				B114A8751F9459F9000B5BDC /* Sources */,
				B114A8761F9459F9000B5BDC /* Frameworks */,
				B114A8771F9459F9000B5BDC /* Resources */,
			);
			buildRules = (
			);
			dependencies = (
				B114A87B1F9459F9000B5BDC /* PBXTargetDependency */,
			);
			name = CCExcelViewUITests;
			productName = CCExcelViewUITests;
			productReference = B114A8791F9459F9000B5BDC /* CCExcelViewUITests.xctest */;
			productType = "com.apple.product-type.bundle.ui-testing";
		};
/* End PBXNativeTarget section */

/* Begin PBXProject section */
		B114A84E1F9459F9000B5BDC /* Project object */ = {
			isa = PBXProject;
			attributes = {
				LastUpgradeCheck = 0900;
				ORGANIZATIONNAME = luo;
				TargetAttributes = {
					B114A8551F9459F9000B5BDC = {
						CreatedOnToolsVersion = 9.0;
						ProvisioningStyle = Automatic;
					};
					B114A86D1F9459F9000B5BDC = {
						CreatedOnToolsVersion = 9.0;
						ProvisioningStyle = Automatic;
						TestTargetID = B114A8551F9459F9000B5BDC;
					};
					B114A8781F9459F9000B5BDC = {
						CreatedOnToolsVersion = 9.0;
						ProvisioningStyle = Automatic;
						TestTargetID = B114A8551F9459F9000B5BDC;
					};
				};
			};
			buildConfigurationList = B114A8511F9459F9000B5BDC /* Build configuration list for PBXProject "CCExcelView" */;
			compatibilityVersion = "Xcode 8.0";
			developmentRegion = en;
			hasScannedForEncodings = 0;
			knownRegions = (
				en,
				Base,
			);
			mainGroup = B114A84D1F9459F9000B5BDC;
			productRefGroup = B114A8571F9459F9000B5BDC /* Products */;
			projectDirPath = "";
			projectRoot = "";
			targets = (
				B114A8551F9459F9000B5BDC /* CCExcelView */,
				B114A86D1F9459F9000B5BDC /* CCExcelViewTests */,
				B114A8781F9459F9000B5BDC /* CCExcelViewUITests */,
			);
		};
/* End PBXProject section */

/* Begin PBXResourcesBuildPhase section */
		B114A8541F9459F9000B5BDC /* Resources */ = {
			isa = PBXResourcesBuildPhase;
			buildActionMask = 2147483647;
			files = (
				B18271B41F98B11300EB4417 /* 1.png in Resources */,
				B18271B51F98B11300EB4417 /* 2.png in Resources */,
				B18271B61F98B11300EB4417 /* 3.png in Resources */,
				B18271B71F98B11300EB4417 /* 4.png in Resources */,
				B114A8661F9459F9000B5BDC /* LaunchScreen.storyboard in Resources */,
				B114A8631F9459F9000B5BDC /* Assets.xcassets in Resources */,
				B114A8611F9459F9000B5BDC /* Main.storyboard in Resources */,
			);
			runOnlyForDeploymentPostprocessing = 0;
		};
		B114A86C1F9459F9000B5BDC /* Resources */ = {
			isa = PBXResourcesBuildPhase;
			buildActionMask = 2147483647;
			files = (
			);
			runOnlyForDeploymentPostprocessing = 0;
		};
		B114A8771F9459F9000B5BDC /* Resources */ = {
			isa = PBXResourcesBuildPhase;
			buildActionMask = 2147483647;
			files = (
			);
			runOnlyForDeploymentPostprocessing = 0;
		};
/* End PBXResourcesBuildPhase section */

/* Begin PBXShellScriptBuildPhase section */
		2B901B2A13285ADDFE598AAC /* [CP] Copy Pods Resources */ = {
			isa = PBXShellScriptBuildPhase;
			buildActionMask = 2147483647;
			files = (
			);
			inputPaths = (
			);
			name = "[CP] Copy Pods Resources";
			outputPaths = (
			);
			runOnlyForDeploymentPostprocessing = 0;
			shellPath = /bin/sh;
			shellScript = "\"${SRCROOT}/Pods/Target Support Files/Pods-CCExcelView/Pods-CCExcelView-resources.sh\"\n";
			showEnvVarsInLog = 0;
		};
		7536364E3EF67638987ADC6E /* [CP] Embed Pods Frameworks */ = {
			isa = PBXShellScriptBuildPhase;
			buildActionMask = 2147483647;
			files = (
			);
			inputPaths = (
			);
			name = "[CP] Embed Pods Frameworks";
			outputPaths = (
			);
			runOnlyForDeploymentPostprocessing = 0;
			shellPath = /bin/sh;
			shellScript = "\"${SRCROOT}/Pods/Target Support Files/Pods-CCExcelView/Pods-CCExcelView-frameworks.sh\"\n";
			showEnvVarsInLog = 0;
		};
		F1C68482C2352A06F7F6FB0A /* [CP] Check Pods Manifest.lock */ = {
			isa = PBXShellScriptBuildPhase;
			buildActionMask = 2147483647;
			files = (
			);
			inputPaths = (
			);
			name = "[CP] Check Pods Manifest.lock";
			outputPaths = (
			);
			runOnlyForDeploymentPostprocessing = 0;
			shellPath = /bin/sh;
			shellScript = "diff \"${PODS_PODFILE_DIR_PATH}/Podfile.lock\" \"${PODS_ROOT}/Manifest.lock\" > /dev/null\nif [ $? != 0 ] ; then\n    # print error to STDERR\n    echo \"error: The sandbox is not in sync with the Podfile.lock. Run 'pod install' or update your CocoaPods installation.\" >&2\n    exit 1\nfi\n";
			showEnvVarsInLog = 0;
		};
/* End PBXShellScriptBuildPhase section */

/* Begin PBXSourcesBuildPhase section */
		B114A8521F9459F9000B5BDC /* Sources */ = {
			isa = PBXSourcesBuildPhase;
			buildActionMask = 2147483647;
			files = (
				B18271A71F9898B700EB4417 /* ExcelModel.m in Sources */,
				B114A85E1F9459F9000B5BDC /* ViewController.m in Sources */,
				B114A8691F9459F9000B5BDC /* main.m in Sources */,
				B114A85B1F9459F9000B5BDC /* AppDelegate.m in Sources */,
			);
			runOnlyForDeploymentPostprocessing = 0;
		};
		B114A86A1F9459F9000B5BDC /* Sources */ = {
			isa = PBXSourcesBuildPhase;
			buildActionMask = 2147483647;
			files = (
				B114A8731F9459F9000B5BDC /* CCExcelViewTests.m in Sources */,
			);
			runOnlyForDeploymentPostprocessing = 0;
		};
		B114A8751F9459F9000B5BDC /* Sources */ = {
			isa = PBXSourcesBuildPhase;
			buildActionMask = 2147483647;
			files = (
				B114A87E1F9459F9000B5BDC /* CCExcelViewUITests.m in Sources */,
			);
			runOnlyForDeploymentPostprocessing = 0;
		};
/* End PBXSourcesBuildPhase section */

/* Begin PBXTargetDependency section */
		B114A8701F9459F9000B5BDC /* PBXTargetDependency */ = {
			isa = PBXTargetDependency;
			target = B114A8551F9459F9000B5BDC /* CCExcelView */;
			targetProxy = B114A86F1F9459F9000B5BDC /* PBXContainerItemProxy */;
		};
		B114A87B1F9459F9000B5BDC /* PBXTargetDependency */ = {
			isa = PBXTargetDependency;
			target = B114A8551F9459F9000B5BDC /* CCExcelView */;
			targetProxy = B114A87A1F9459F9000B5BDC /* PBXContainerItemProxy */;
		};
/* End PBXTargetDependency section */

/* Begin PBXVariantGroup section */
		B114A85F1F9459F9000B5BDC /* Main.storyboard */ = {
			isa = PBXVariantGroup;
			children = (
				B114A8601F9459F9000B5BDC /* Base */,
			);
			name = Main.storyboard;
			sourceTree = "<group>";
		};
		B114A8641F9459F9000B5BDC /* LaunchScreen.storyboard */ = {
			isa = PBXVariantGroup;
			children = (
				B114A8651F9459F9000B5BDC /* Base */,
			);
			name = LaunchScreen.storyboard;
			sourceTree = "<group>";
		};
/* End PBXVariantGroup section */

/* Begin XCBuildConfiguration section */
		B114A8801F9459F9000B5BDC /* Debug */ = {
			isa = XCBuildConfiguration;
			buildSettings = {
				ALWAYS_SEARCH_USER_PATHS = NO;
				CLANG_ANALYZER_NONNULL = YES;
				CLANG_ANALYZER_NUMBER_OBJECT_CONVERSION = YES_AGGRESSIVE;
				CLANG_CXX_LANGUAGE_STANDARD = "gnu++14";
				CLANG_CXX_LIBRARY = "libc++";
				CLANG_ENABLE_MODULES = YES;
				CLANG_ENABLE_OBJC_ARC = YES;
				CLANG_WARN_BLOCK_CAPTURE_AUTORELEASING = YES;
				CLANG_WARN_BOOL_CONVERSION = YES;
				CLANG_WARN_COMMA = YES;
				CLANG_WARN_CONSTANT_CONVERSION = YES;
				CLANG_WARN_DIRECT_OBJC_ISA_USAGE = YES_ERROR;
				CLANG_WARN_DOCUMENTATION_COMMENTS = YES;
				CLANG_WARN_EMPTY_BODY = YES;
				CLANG_WARN_ENUM_CONVERSION = YES;
				CLANG_WARN_INFINITE_RECURSION = YES;
				CLANG_WARN_INT_CONVERSION = YES;
				CLANG_WARN_NON_LITERAL_NULL_CONVERSION = YES;
				CLANG_WARN_OBJC_LITERAL_CONVERSION = YES;
				CLANG_WARN_OBJC_ROOT_CLASS = YES_ERROR;
				CLANG_WARN_RANGE_LOOP_ANALYSIS = YES;
				CLANG_WARN_STRICT_PROTOTYPES = YES;
				CLANG_WARN_SUSPICIOUS_MOVE = YES;
				CLANG_WARN_UNGUARDED_AVAILABILITY = YES_AGGRESSIVE;
				CLANG_WARN_UNREACHABLE_CODE = YES;
				CLANG_WARN__DUPLICATE_METHOD_MATCH = YES;
				CODE_SIGN_IDENTITY = "iPhone Developer";
				COPY_PHASE_STRIP = NO;
				DEBUG_INFORMATION_FORMAT = dwarf;
				ENABLE_STRICT_OBJC_MSGSEND = YES;
				ENABLE_TESTABILITY = YES;
				GCC_C_LANGUAGE_STANDARD = gnu11;
				GCC_DYNAMIC_NO_PIC = NO;
				GCC_NO_COMMON_BLOCKS = YES;
				GCC_OPTIMIZATION_LEVEL = 0;
				GCC_PREPROCESSOR_DEFINITIONS = (
					"DEBUG=1",
					"$(inherited)",
				);
				GCC_WARN_64_TO_32_BIT_CONVERSION = YES;
				GCC_WARN_ABOUT_RETURN_TYPE = YES_ERROR;
				GCC_WARN_UNDECLARED_SELECTOR = YES;
				GCC_WARN_UNINITIALIZED_AUTOS = YES_AGGRESSIVE;
				GCC_WARN_UNUSED_FUNCTION = YES;
				GCC_WARN_UNUSED_VARIABLE = YES;
				IPHONEOS_DEPLOYMENT_TARGET = 11.0;
				MTL_ENABLE_DEBUG_INFO = YES;
				ONLY_ACTIVE_ARCH = YES;
				SDKROOT = iphoneos;
			};
			name = Debug;
		};
		B114A8811F9459F9000B5BDC /* Release */ = {
			isa = XCBuildConfiguration;
			buildSettings = {
				ALWAYS_SEARCH_USER_PATHS = NO;
				CLANG_ANALYZER_NONNULL = YES;
				CLANG_ANALYZER_NUMBER_OBJECT_CONVERSION = YES_AGGRESSIVE;
				CLANG_CXX_LANGUAGE_STANDARD = "gnu++14";
				CLANG_CXX_LIBRARY = "libc++";
				CLANG_ENABLE_MODULES = YES;
				CLANG_ENABLE_OBJC_ARC = YES;
				CLANG_WARN_BLOCK_CAPTURE_AUTORELEASING = YES;
				CLANG_WARN_BOOL_CONVERSION = YES;
				CLANG_WARN_COMMA = YES;
				CLANG_WARN_CONSTANT_CONVERSION = YES;
				CLANG_WARN_DIRECT_OBJC_ISA_USAGE = YES_ERROR;
				CLANG_WARN_DOCUMENTATION_COMMENTS = YES;
				CLANG_WARN_EMPTY_BODY = YES;
				CLANG_WARN_ENUM_CONVERSION = YES;
				CLANG_WARN_INFINITE_RECURSION = YES;
				CLANG_WARN_INT_CONVERSION = YES;
				CLANG_WARN_NON_LITERAL_NULL_CONVERSION = YES;
				CLANG_WARN_OBJC_LITERAL_CONVERSION = YES;
				CLANG_WARN_OBJC_ROOT_CLASS = YES_ERROR;
				CLANG_WARN_RANGE_LOOP_ANALYSIS = YES;
				CLANG_WARN_STRICT_PROTOTYPES = YES;
				CLANG_WARN_SUSPICIOUS_MOVE = YES;
				CLANG_WARN_UNGUARDED_AVAILABILITY = YES_AGGRESSIVE;
				CLANG_WARN_UNREACHABLE_CODE = YES;
				CLANG_WARN__DUPLICATE_METHOD_MATCH = YES;
				CODE_SIGN_IDENTITY = "iPhone Developer";
				COPY_PHASE_STRIP = NO;
				DEBUG_INFORMATION_FORMAT = "dwarf-with-dsym";
				ENABLE_NS_ASSERTIONS = NO;
				ENABLE_STRICT_OBJC_MSGSEND = YES;
				GCC_C_LANGUAGE_STANDARD = gnu11;
				GCC_NO_COMMON_BLOCKS = YES;
				GCC_WARN_64_TO_32_BIT_CONVERSION = YES;
				GCC_WARN_ABOUT_RETURN_TYPE = YES_ERROR;
				GCC_WARN_UNDECLARED_SELECTOR = YES;
				GCC_WARN_UNINITIALIZED_AUTOS = YES_AGGRESSIVE;
				GCC_WARN_UNUSED_FUNCTION = YES;
				GCC_WARN_UNUSED_VARIABLE = YES;
				IPHONEOS_DEPLOYMENT_TARGET = 11.0;
				MTL_ENABLE_DEBUG_INFO = NO;
				SDKROOT = iphoneos;
				VALIDATE_PRODUCT = YES;
			};
			name = Release;
		};
		B114A8831F9459F9000B5BDC /* Debug */ = {
			isa = XCBuildConfiguration;
			baseConfigurationReference = 41C6AFC3FC8589D98DE737A8 /* Pods-CCExcelView.debug.xcconfig */;
			buildSettings = {
				ASSETCATALOG_COMPILER_APPICON_NAME = AppIcon;
				CODE_SIGN_STYLE = Automatic;
				DEVELOPMENT_TEAM = "";
				GCC_INCREASE_PRECOMPILED_HEADER_SHARING = NO;
				GCC_PREFIX_HEADER = "";
				INFOPLIST_FILE = CCExcelView/Info.plist;
				IPHONEOS_DEPLOYMENT_TARGET = 9.0;
				LD_RUNPATH_SEARCH_PATHS = "$(inherited) @executable_path/Frameworks";
				PRODUCT_BUNDLE_IDENTIFIER = com.luo.excel;
				PRODUCT_NAME = "$(TARGET_NAME)";
				TARGETED_DEVICE_FAMILY = "1,2";
			};
			name = Debug;
		};
		B114A8841F9459F9000B5BDC /* Release */ = {
			isa = XCBuildConfiguration;
			baseConfigurationReference = BA8CDC282D18B5436DFEB403 /* Pods-CCExcelView.release.xcconfig */;
			buildSettings = {
				ASSETCATALOG_COMPILER_APPICON_NAME = AppIcon;
				CODE_SIGN_STYLE = Automatic;
				DEVELOPMENT_TEAM = "";
				GCC_INCREASE_PRECOMPILED_HEADER_SHARING = NO;
				GCC_PREFIX_HEADER = "";
				INFOPLIST_FILE = CCExcelView/Info.plist;
				IPHONEOS_DEPLOYMENT_TARGET = 9.0;
				LD_RUNPATH_SEARCH_PATHS = "$(inherited) @executable_path/Frameworks";
				PRODUCT_BUNDLE_IDENTIFIER = com.luo.excel;
				PRODUCT_NAME = "$(TARGET_NAME)";
				TARGETED_DEVICE_FAMILY = "1,2";
			};
			name = Release;
		};
		B114A8861F9459F9000B5BDC /* Debug */ = {
			isa = XCBuildConfiguration;
			buildSettings = {
				BUNDLE_LOADER = "$(TEST_HOST)";
				CODE_SIGN_STYLE = Automatic;
				DEVELOPMENT_TEAM = EP7SKUA83H;
				INFOPLIST_FILE = CCExcelViewTests/Info.plist;
				LD_RUNPATH_SEARCH_PATHS = "$(inherited) @executable_path/Frameworks @loader_path/Frameworks";
				PRODUCT_BUNDLE_IDENTIFIER = com.luo.CCExcelViewTests;
				PRODUCT_NAME = "$(TARGET_NAME)";
				TARGETED_DEVICE_FAMILY = "1,2";
				TEST_HOST = "$(BUILT_PRODUCTS_DIR)/CCExcelView.app/CCExcelView";
			};
			name = Debug;
		};
		B114A8871F9459F9000B5BDC /* Release */ = {
			isa = XCBuildConfiguration;
			buildSettings = {
				BUNDLE_LOADER = "$(TEST_HOST)";
				CODE_SIGN_STYLE = Automatic;
				DEVELOPMENT_TEAM = EP7SKUA83H;
				INFOPLIST_FILE = CCExcelViewTests/Info.plist;
				LD_RUNPATH_SEARCH_PATHS = "$(inherited) @executable_path/Frameworks @loader_path/Frameworks";
				PRODUCT_BUNDLE_IDENTIFIER = com.luo.CCExcelViewTests;
				PRODUCT_NAME = "$(TARGET_NAME)";
				TARGETED_DEVICE_FAMILY = "1,2";
				TEST_HOST = "$(BUILT_PRODUCTS_DIR)/CCExcelView.app/CCExcelView";
			};
			name = Release;
		};
		B114A8891F9459F9000B5BDC /* Debug */ = {
			isa = XCBuildConfiguration;
			buildSettings = {
				CODE_SIGN_STYLE = Automatic;
				DEVELOPMENT_TEAM = EP7SKUA83H;
				INFOPLIST_FILE = CCExcelViewUITests/Info.plist;
				LD_RUNPATH_SEARCH_PATHS = "$(inherited) @executable_path/Frameworks @loader_path/Frameworks";
				PRODUCT_BUNDLE_IDENTIFIER = com.luo.CCExcelViewUITests;
				PRODUCT_NAME = "$(TARGET_NAME)";
				TARGETED_DEVICE_FAMILY = "1,2";
				TEST_TARGET_NAME = CCExcelView;
			};
			name = Debug;
		};
		B114A88A1F9459F9000B5BDC /* Release */ = {
			isa = XCBuildConfiguration;
			buildSettings = {
				CODE_SIGN_STYLE = Automatic;
				DEVELOPMENT_TEAM = EP7SKUA83H;
				INFOPLIST_FILE = CCExcelViewUITests/Info.plist;
				LD_RUNPATH_SEARCH_PATHS = "$(inherited) @executable_path/Frameworks @loader_path/Frameworks";
				PRODUCT_BUNDLE_IDENTIFIER = com.luo.CCExcelViewUITests;
				PRODUCT_NAME = "$(TARGET_NAME)";
				TARGETED_DEVICE_FAMILY = "1,2";
				TEST_TARGET_NAME = CCExcelView;
			};
			name = Release;
		};
/* End XCBuildConfiguration section */

/* Begin XCConfigurationList section */
		B114A8511F9459F9000B5BDC /* Build configuration list for PBXProject "CCExcelView" */ = {
			isa = XCConfigurationList;
			buildConfigurations = (
				B114A8801F9459F9000B5BDC /* Debug */,
				B114A8811F9459F9000B5BDC /* Release */,
			);
			defaultConfigurationIsVisible = 0;
			defaultConfigurationName = Release;
		};
		B114A8821F9459F9000B5BDC /* Build configuration list for PBXNativeTarget "CCExcelView" */ = {
			isa = XCConfigurationList;
			buildConfigurations = (
				B114A8831F9459F9000B5BDC /* Debug */,
				B114A8841F9459F9000B5BDC /* Release */,
			);
			defaultConfigurationIsVisible = 0;
			defaultConfigurationName = Release;
		};
		B114A8851F9459F9000B5BDC /* Build configuration list for PBXNativeTarget "CCExcelViewTests" */ = {
			isa = XCConfigurationList;
			buildConfigurations = (
				B114A8861F9459F9000B5BDC /* Debug */,
				B114A8871F9459F9000B5BDC /* Release */,
			);
			defaultConfigurationIsVisible = 0;
			defaultConfigurationName = Release;
		};
		B114A8881F9459F9000B5BDC /* Build configuration list for PBXNativeTarget "CCExcelViewUITests" */ = {
			isa = XCConfigurationList;
			buildConfigurations = (
				B114A8891F9459F9000B5BDC /* Debug */,
				B114A88A1F9459F9000B5BDC /* Release */,
			);
			defaultConfigurationIsVisible = 0;
			defaultConfigurationName = Release;
		};
/* End XCConfigurationList section */
	};
	rootObject = B114A84E1F9459F9000B5BDC /* Project object */;
}
